
Microsoft Visual Studio Solution File, Format Version 12.00
# Visual Studio 15
VisualStudioVersion = 15.0.28307.106
MinimumVisualStudioVersion = 10.0.40219.1
Project("{8BC9CEB8-8B4A-11D0-8D11-00A0C91BC942}") = "ConsoleApplication6", "ConsoleApplication6\ConsoleApplication6.vcxproj", "{2644F3C1-1B69-4A18-8BD0-A9A0A7102D98}"
EndProject
Global
	GlobalSection(SolutionConfigurationPlatforms) = preSolution
		Debug|x64 = Debug|x64
		Debug|x86 = Debug|x86
		Release|x64 = Release|x64
		Release|x86 = Release|x86
	EndGlobalSection
	GlobalSection(ProjectConfigurationPlatforms) = postSolution
		{2644F3C1-1B69-4A18-8BD0-A9A0A7102D98}.Debug|x64.ActiveCfg = Debug|x64
		{2644F3C1-1B69-4A18-8BD0-A9A0A7102D98}.Debug|x64.Build.0 = Debug|x64
		{2644F3C1-1B69-4A18-8BD0-A9A0A7102D98}.Debug|x86.ActiveCfg = Debug|Win32
		{2644F3C1-1B69-4A18-8BD0-A9A0A7102D98}.Debug|x86.Build.0 = Debug|Win32
		{2644F3C1-1B69-4A18-8BD0-A9A0A7102D98}.Release|x64.ActiveCfg = Release|x64
		{2644F3C1-1B69-4A18-8BD0-A9A0A7102D98}.Release|x64.Build.0 = Release|x64
		{2644F3C1-1B69-4A18-8BD0-A9A0A7102D98}.Release|x86.ActiveCfg = Release|Win32
		{2644F3C1-1B69-4A18-8BD0-A9A0A7102D98}.Release|x86.Build.0 = Release|Win32
	EndGlobalSection
	GlobalSection(SolutionProperties) = preSolution
		HideSolutionNode = FALSE
	EndGlobalSection
	GlobalSection(ExtensibilityGlobals) = postSolution
		SolutionGuid = {79C20DC3-92CB-4028-AB43-05F6BC3C5646}
	EndGlobalSection
EndGlobal
